# This file is generated by running "yarn install" inside your project.
# Manual changes might be lost - proceed with caution!

__metadata:
  version: 5
  cacheKey: 8

"@sapphire/prettier-config@npm:^1.2.8":
  version: 1.2.8
  resolution: "@sapphire/prettier-config@npm:1.2.8"
  dependencies:
    prettier: ^2.5.1
  checksum: fd574d6f023f882fb63366cfeb6fc7580c3485dd7964ffe4aa3efbf8384b8b6ebba417c425454a4d6d9dc323e716cc4f6477546d0bd7085f980276cae10ff41e
  languageName: node
  linkType: hard

"github@workspace:.":
  version: 0.0.0-use.local
  resolution: "github@workspace:."
  dependencies:
    "@sapphire/prettier-config": ^1.2.8
    prettier: ^2.5.1
  languageName: unknown
  linkType: soft

"prettier@npm:^2.5.1":
  version: 2.5.1
  resolution: "prettier@npm:2.5.1"
  bin:
    prettier: bin-prettier.js
  checksum: 21b9408476ea1c544b0e45d51ceb94a84789ff92095abb710942d780c862d0daebdb29972d47f6b4d0f7ebbfb0ffbf56cc2cfa3e3e9d1cca54864af185b15b66
  languageName: node
  linkType: hard
