# This file is generated by running "yarn install" inside your project.
# Manual changes might be lost - proceed with caution!

__metadata:
  version: 8
  cacheKey: 10

"@sapphire/prettier-config@npm:^2.0.0":
  version: 2.0.0
  resolution: "@sapphire/prettier-config@npm:2.0.0"
  dependencies:
    prettier: "npm:^3.0.0"
  checksum: 900ec710173f05a31e3fe25151221d2c5f0d385d2f6e0b68d3a4713412e70871e6b64c3107d1f6952fff7e5032cb37186b9b522ab1eb048bbde6de09e8ecb027
  languageName: node
  linkType: hard

"github@workspace:.":
  version: 0.0.0-use.local
  resolution: "github@workspace:."
  dependencies:
    "@sapphire/prettier-config": "npm:^2.0.0"
    prettier: "npm:^3.1.1"
  languageName: unknown
  linkType: soft

"prettier@npm:^3.0.0, prettier@npm:^3.1.1":
  version: 3.1.1
  resolution: "prettier@npm:3.1.1"
  bin:
    prettier: bin/prettier.cjs
  checksum: 26a249f321b97d26c04483f1bf2eeb22e082a76f4222a2c922bebdc60111691aad4ec3979610e83942e0b956058ec361d9e9c81c185172264eb6db9aa678082b
  languageName: node
  linkType: hard
