# This file is generated by running "yarn install" inside your project.
# Manual changes might be lost - proceed with caution!

__metadata:
  version: 5
  cacheKey: 8

"@sapphire/prettier-config@npm:^1.3.0":
  version: 1.3.0
  resolution: "@sapphire/prettier-config@npm:1.3.0"
  dependencies:
    prettier: ^2.5.1
  checksum: fd620bea745d732733fc73cec365be8c059f2ca725cc17a90ad690fb7a75807b87764de8ac222d308f7d0d3b2c2a6d06c45295c590577d52c29d333389df7c88
  languageName: node
  linkType: hard

"github@workspace:.":
  version: 0.0.0-use.local
  resolution: "github@workspace:."
  dependencies:
    "@sapphire/prettier-config": ^1.3.0
    prettier: ^2.5.1
  languageName: unknown
  linkType: soft

"prettier@npm:^2.5.1":
  version: 2.5.1
  resolution: "prettier@npm:2.5.1"
  bin:
    prettier: bin-prettier.js
  checksum: 21b9408476ea1c544b0e45d51ceb94a84789ff92095abb710942d780c862d0daebdb29972d47f6b4d0f7ebbfb0ffbf56cc2cfa3e3e9d1cca54864af185b15b66
  languageName: node
  linkType: hard
